{
	"name": "StochasticLatticeGen",
	"lockfileVersion": 2,
	"requires": true,
	"packages": {
		"": {
			"dependencies": {
				"esbuild": "^0.11.20",
				"three": "^0.166.0",
				"three-mesh-bvh": "^0.7.6",
				"voro3d": "^0.0.5"
			}
		},
		"node_modules/esbuild": {
			"version": "0.11.20",
			"resolved": "https://registry.npmjs.org/esbuild/-/esbuild-0.11.20.tgz",
			"integrity": "sha512-QOZrVpN/Yz74xfat0H6euSgn3RnwLevY1mJTEXneukz1ln9qB+ieaerRMzSeETpz/UJWsBMzRVR/andBht5WKw==",
			"hasInstallScript": true,
			"bin": {
				"esbuild": "bin/esbuild"
			}
		},
		"node_modules/three": {
			"version": "0.166.1",
			"resolved": "https://registry.npmjs.org/three/-/three-0.166.1.tgz",
			"integrity": "sha512-LtuafkKHHzm61AQA1be2MAYIw1IjmhOUxhBa0prrLpEMWbV7ijvxCRHjSgHPGp2493wLBzwKV46tA9nivLEgKg=="
		},
		"node_modules/three-mesh-bvh": {
			"version": "0.7.6",
			"resolved": "https://registry.npmjs.org/three-mesh-bvh/-/three-mesh-bvh-0.7.6.tgz",
			"integrity": "sha512-rCjsnxEqR9r1/C/lCqzGLS67NDty/S/eT6rAJfDvsanrIctTWdNoR4ZOGWewCB13h1QkVo2BpmC0wakj1+0m8A==",
			"peerDependencies": {
				"three": ">= 0.151.0"
			}
		},
		"node_modules/voro3d": {
			"version": "0.0.5",
			"resolved": "https://registry.npmjs.org/voro3d/-/voro3d-0.0.5.tgz",
			"integrity": "sha512-OXR+CwRJRwtqTIKIDp9rEu+5VUZjkwuCo8AViDRipzZZscmubfcBflc4TCtyEZVb/8nG95vJpL/G8cLFlH2hlw=="
		}
	},
	"dependencies": {
		"esbuild": {
			"version": "0.11.20",
			"resolved": "https://registry.npmjs.org/esbuild/-/esbuild-0.11.20.tgz",
			"integrity": "sha512-QOZrVpN/Yz74xfat0H6euSgn3RnwLevY1mJTEXneukz1ln9qB+ieaerRMzSeETpz/UJWsBMzRVR/andBht5WKw=="
		},
		"three": {
			"version": "0.166.1",
			"resolved": "https://registry.npmjs.org/three/-/three-0.166.1.tgz",
			"integrity": "sha512-LtuafkKHHzm61AQA1be2MAYIw1IjmhOUxhBa0prrLpEMWbV7ijvxCRHjSgHPGp2493wLBzwKV46tA9nivLEgKg=="
		},
		"three-mesh-bvh": {
			"version": "0.7.6",
			"resolved": "https://registry.npmjs.org/three-mesh-bvh/-/three-mesh-bvh-0.7.6.tgz",
			"integrity": "sha512-rCjsnxEqR9r1/C/lCqzGLS67NDty/S/eT6rAJfDvsanrIctTWdNoR4ZOGWewCB13h1QkVo2BpmC0wakj1+0m8A==",
			"requires": {}
		},
		"voro3d": {
			"version": "0.0.5",
			"resolved": "https://registry.npmjs.org/voro3d/-/voro3d-0.0.5.tgz",
			"integrity": "sha512-OXR+CwRJRwtqTIKIDp9rEu+5VUZjkwuCo8AViDRipzZZscmubfcBflc4TCtyEZVb/8nG95vJpL/G8cLFlH2hlw=="
		}
	}
}
